
Microsoft Visual Studio Solution File, Format Version 12.00
# Visual Studio Version 17
VisualStudioVersion = 17.9.34616.47
MinimumVisualStudioVersion = 10.0.40219.1
Project("{8BC9CEB8-8B4A-11D0-8D11-00A0C91BC942}") = "077_FungsiSwitch", "077_FungsiSwitch\077_FungsiSwitch.vcxproj", "{CCF56F31-0C59-417F-8921-7C25BD99110A}"
EndProject
Global
	GlobalSection(SolutionConfigurationPlatforms) = preSolution
		Debug|x64 = Debug|x64
		Debug|x86 = Debug|x86
		Release|x64 = Release|x64
		Release|x86 = Release|x86
	EndGlobalSection
	GlobalSection(ProjectConfigurationPlatforms) = postSolution
		{CCF56F31-0C59-417F-8921-7C25BD99110A}.Debug|x64.ActiveCfg = Debug|x64
		{CCF56F31-0C59-417F-8921-7C25BD99110A}.Debug|x64.Build.0 = Debug|x64
		{CCF56F31-0C59-417F-8921-7C25BD99110A}.Debug|x86.ActiveCfg = Debug|Win32
		{CCF56F31-0C59-417F-8921-7C25BD99110A}.Debug|x86.Build.0 = Debug|Win32
		{CCF56F31-0C59-417F-8921-7C25BD99110A}.Release|x64.ActiveCfg = Release|x64
		{CCF56F31-0C59-417F-8921-7C25BD99110A}.Release|x64.Build.0 = Release|x64
		{CCF56F31-0C59-417F-8921-7C25BD99110A}.Release|x86.ActiveCfg = Release|Win32
		{CCF56F31-0C59-417F-8921-7C25BD99110A}.Release|x86.Build.0 = Release|Win32
	EndGlobalSection
	GlobalSection(SolutionProperties) = preSolution
		HideSolutionNode = FALSE
	EndGlobalSection
	GlobalSection(ExtensibilityGlobals) = postSolution
		SolutionGuid = {832A9E6B-653C-4223-A4F8-E0A70230C391}
	EndGlobalSection
EndGlobal
